// !$*UTF8*$!
{
	archiveVersion = 1;
	classes = {
	};
	objectVersion = 46;
	objects = {

/* Begin PBXBuildFile section */
		8D1A8E990D21C4D0B789AA8F /* libPods-ZYP_KVO-Demo.a in Frameworks */ = {isa = PBXBuildFile; fileRef = 4D62D044E64A66D18672D4A1 /* libPods-ZYP_KVO-Demo.a */; };
		D1B81A171E6E9EB1003DF5E5 /* main.m in Sources */ = {isa = PBXBuildFile; fileRef = D1B81A161E6E9EB1003DF5E5 /* main.m */; };
		D1B81A1A1E6E9EB1003DF5E5 /* AppDelegate.m in Sources */ = {isa = PBXBuildFile; fileRef = D1B81A191E6E9EB1003DF5E5 /* AppDelegate.m */; };
		D1B81A1D1E6E9EB1003DF5E5 /* ViewController.m in Sources */ = {isa = PBXBuildFile; fileRef = D1B81A1C1E6E9EB1003DF5E5 /* ViewController.m */; };
		D1B81A201E6E9EB1003DF5E5 /* Main.storyboard in Resources */ = {isa = PBXBuildFile; fileRef = D1B81A1E1E6E9EB1003DF5E5 /* Main.storyboard */; };
		D1B81A221E6E9EB1003DF5E5 /* Assets.xcassets in Resources */ = {isa = PBXBuildFile; fileRef = D1B81A211E6E9EB1003DF5E5 /* Assets.xcassets */; };
		D1B81A251E6E9EB1003DF5E5 /* LaunchScreen.storyboard in Resources */ = {isa = PBXBuildFile; fileRef = D1B81A231E6E9EB1003DF5E5 /* LaunchScreen.storyboard */; };
		D1B81A2E1E6EA0A3003DF5E5 /* Person.m in Sources */ = {isa = PBXBuildFile; fileRef = D1B81A2D1E6EA0A3003DF5E5 /* Person.m */; };
		D1B81A311E6EA5C5003DF5E5 /* Animal.m in Sources */ = {isa = PBXBuildFile; fileRef = D1B81A301E6EA5C5003DF5E5 /* Animal.m */; };
		D1D6E6A81E6ECB8700347883 /* Toy.m in Sources */ = {isa = PBXBuildFile; fileRef = D1D6E6A71E6ECB8700347883 /* Toy.m */; };
/* End PBXBuildFile section */

/* Begin PBXFileReference section */
		4D62D044E64A66D18672D4A1 /* libPods-ZYP_KVO-Demo.a */ = {isa = PBXFileReference; explicitFileType = archive.ar; includeInIndex = 0; path = "libPods-ZYP_KVO-Demo.a"; sourceTree = BUILT_PRODUCTS_DIR; };
		B61CAFE0BB666108A0169788 /* Pods-ZYP_KVO-Demo.debug.xcconfig */ = {isa = PBXFileReference; includeInIndex = 1; lastKnownFileType = text.xcconfig; name = "Pods-ZYP_KVO-Demo.debug.xcconfig"; path = "Pods/Target Support Files/Pods-ZYP_KVO-Demo/Pods-ZYP_KVO-Demo.debug.xcconfig"; sourceTree = "<group>"; };
		D1B81A121E6E9EB1003DF5E5 /* ZYP_KVO-Demo.app */ = {isa = PBXFileReference; explicitFileType = wrapper.application; includeInIndex = 0; path = "ZYP_KVO-Demo.app"; sourceTree = BUILT_PRODUCTS_DIR; };
		D1B81A161E6E9EB1003DF5E5 /* main.m */ = {isa = PBXFileReference; lastKnownFileType = sourcecode.c.objc; path = main.m; sourceTree = "<group>"; };
		D1B81A181E6E9EB1003DF5E5 /* AppDelegate.h */ = {isa = PBXFileReference; lastKnownFileType = sourcecode.c.h; path = AppDelegate.h; sourceTree = "<group>"; };
		D1B81A191E6E9EB1003DF5E5 /* AppDelegate.m */ = {isa = PBXFileReference; lastKnownFileType = sourcecode.c.objc; path = AppDelegate.m; sourceTree = "<group>"; };
		D1B81A1B1E6E9EB1003DF5E5 /* ViewController.h */ = {isa = PBXFileReference; lastKnownFileType = sourcecode.c.h; path = ViewController.h; sourceTree = "<group>"; };
		D1B81A1C1E6E9EB1003DF5E5 /* ViewController.m */ = {isa = PBXFileReference; lastKnownFileType = sourcecode.c.objc; path = ViewController.m; sourceTree = "<group>"; };
		D1B81A1F1E6E9EB1003DF5E5 /* Base */ = {isa = PBXFileReference; lastKnownFileType = file.storyboard; name = Base; path = Base.lproj/Main.storyboard; sourceTree = "<group>"; };
		D1B81A211E6E9EB1003DF5E5 /* Assets.xcassets */ = {isa = PBXFileReference; lastKnownFileType = folder.assetcatalog; path = Assets.xcassets; sourceTree = "<group>"; };
		D1B81A241E6E9EB1003DF5E5 /* Base */ = {isa = PBXFileReference; lastKnownFileType = file.storyboard; name = Base; path = Base.lproj/LaunchScreen.storyboard; sourceTree = "<group>"; };
		D1B81A261E6E9EB1003DF5E5 /* Info.plist */ = {isa = PBXFileReference; lastKnownFileType = text.plist.xml; path = Info.plist; sourceTree = "<group>"; };
		D1B81A2C1E6EA0A3003DF5E5 /* Person.h */ = {isa = PBXFileReference; fileEncoding = 4; lastKnownFileType = sourcecode.c.h; path = Person.h; sourceTree = "<group>"; };
		D1B81A2D1E6EA0A3003DF5E5 /* Person.m */ = {isa = PBXFileReference; fileEncoding = 4; lastKnownFileType = sourcecode.c.objc; path = Person.m; sourceTree = "<group>"; };
		D1B81A2F1E6EA5C5003DF5E5 /* Animal.h */ = {isa = PBXFileReference; fileEncoding = 4; lastKnownFileType = sourcecode.c.h; path = Animal.h; sourceTree = "<group>"; };
		D1B81A301E6EA5C5003DF5E5 /* Animal.m */ = {isa = PBXFileReference; fileEncoding = 4; lastKnownFileType = sourcecode.c.objc; path = Animal.m; sourceTree = "<group>"; };
		D1D6E6A61E6ECB8700347883 /* Toy.h */ = {isa = PBXFileReference; fileEncoding = 4; lastKnownFileType = sourcecode.c.h; path = Toy.h; sourceTree = "<group>"; };
		D1D6E6A71E6ECB8700347883 /* Toy.m */ = {isa = PBXFileReference; fileEncoding = 4; lastKnownFileType = sourcecode.c.objc; path = Toy.m; sourceTree = "<group>"; };
		ED0940CD5F1D0330E5781E5C /* Pods-ZYP_KVO-Demo.release.xcconfig */ = {isa = PBXFileReference; includeInIndex = 1; lastKnownFileType = text.xcconfig; name = "Pods-ZYP_KVO-Demo.release.xcconfig"; path = "Pods/Target Support Files/Pods-ZYP_KVO-Demo/Pods-ZYP_KVO-Demo.release.xcconfig"; sourceTree = "<group>"; };
/* End PBXFileReference section */

/* Begin PBXFrameworksBuildPhase section */
		D1B81A0F1E6E9EB1003DF5E5 /* Frameworks */ = {
			isa = PBXFrameworksBuildPhase;
			buildActionMask = 2147483647;
			files = (
				8D1A8E990D21C4D0B789AA8F /* libPods-ZYP_KVO-Demo.a in Frameworks */,
			);
			runOnlyForDeploymentPostprocessing = 0;
		};
/* End PBXFrameworksBuildPhase section */

/* Begin PBXGroup section */
		842D7231D159F3E8525CCB31 /* Frameworks */ = {
			isa = PBXGroup;
			children = (
				4D62D044E64A66D18672D4A1 /* libPods-ZYP_KVO-Demo.a */,
			);
			name = Frameworks;
			sourceTree = "<group>";
		};
		A3000826AEEEA8BF2CD122F5 /* Pods */ = {
			isa = PBXGroup;
			children = (
				B61CAFE0BB666108A0169788 /* Pods-ZYP_KVO-Demo.debug.xcconfig */,
				ED0940CD5F1D0330E5781E5C /* Pods-ZYP_KVO-Demo.release.xcconfig */,
			);
			name = Pods;
			sourceTree = "<group>";
		};
		D1B81A091E6E9EB1003DF5E5 = {
			isa = PBXGroup;
			children = (
				D1B81A141E6E9EB1003DF5E5 /* ZYP_KVO-Demo */,
				D1B81A131E6E9EB1003DF5E5 /* Products */,
				A3000826AEEEA8BF2CD122F5 /* Pods */,
				842D7231D159F3E8525CCB31 /* Frameworks */,
			);
			sourceTree = "<group>";
		};
		D1B81A131E6E9EB1003DF5E5 /* Products */ = {
			isa = PBXGroup;
			children = (
				D1B81A121E6E9EB1003DF5E5 /* ZYP_KVO-Demo.app */,
			);
			name = Products;
			sourceTree = "<group>";
		};
		D1B81A141E6E9EB1003DF5E5 /* ZYP_KVO-Demo */ = {
			isa = PBXGroup;
			children = (
				D1B81A181E6E9EB1003DF5E5 /* AppDelegate.h */,
				D1B81A191E6E9EB1003DF5E5 /* AppDelegate.m */,
				D1B81A1B1E6E9EB1003DF5E5 /* ViewController.h */,
				D1B81A1C1E6E9EB1003DF5E5 /* ViewController.m */,
				D1B81A2C1E6EA0A3003DF5E5 /* Person.h */,
				D1B81A2D1E6EA0A3003DF5E5 /* Person.m */,
				D1B81A2F1E6EA5C5003DF5E5 /* Animal.h */,
				D1B81A301E6EA5C5003DF5E5 /* Animal.m */,
				D1D6E6A61E6ECB8700347883 /* Toy.h */,
				D1D6E6A71E6ECB8700347883 /* Toy.m */,
				D1B81A1E1E6E9EB1003DF5E5 /* Main.storyboard */,
				D1B81A211E6E9EB1003DF5E5 /* Assets.xcassets */,
				D1B81A231E6E9EB1003DF5E5 /* LaunchScreen.storyboard */,
				D1B81A261E6E9EB1003DF5E5 /* Info.plist */,
				D1B81A151E6E9EB1003DF5E5 /* Supporting Files */,
			);
			path = "ZYP_KVO-Demo";
			sourceTree = "<group>";
		};
		D1B81A151E6E9EB1003DF5E5 /* Supporting Files */ = {
			isa = PBXGroup;
			children = (
				D1B81A161E6E9EB1003DF5E5 /* main.m */,
			);
			name = "Supporting Files";
			sourceTree = "<group>";
		};
/* End PBXGroup section */

/* Begin PBXNativeTarget section */
		D1B81A111E6E9EB1003DF5E5 /* ZYP_KVO-Demo */ = {
			isa = PBXNativeTarget;
			buildConfigurationList = D1B81A291E6E9EB1003DF5E5 /* Build configuration list for PBXNativeTarget "ZYP_KVO-Demo" */;
			buildPhases = (
				8C17FF0F7EFCEAF98814D858 /* [CP] Check Pods Manifest.lock */,
				D1B81A0E1E6E9EB1003DF5E5 /* Sources */,
				D1B81A0F1E6E9EB1003DF5E5 /* Frameworks */,
				D1B81A101E6E9EB1003DF5E5 /* Resources */,
				ADB8C67A733F7682ABF1CCE7 /* [CP] Embed Pods Frameworks */,
				DA1B2324C22A603D7A05D9DD /* [CP] Copy Pods Resources */,
			);
			buildRules = (
			);
			dependencies = (
			);
			name = "ZYP_KVO-Demo";
			productName = "ZYP_KVO-Demo";
			productReference = D1B81A121E6E9EB1003DF5E5 /* ZYP_KVO-Demo.app */;
			productType = "com.apple.product-type.application";
		};
/* End PBXNativeTarget section */

/* Begin PBXProject section */
		D1B81A0A1E6E9EB1003DF5E5 /* Project object */ = {
			isa = PBXProject;
			attributes = {
				LastUpgradeCheck = 0820;
				ORGANIZATIONNAME = zhaoyunpeng;
				TargetAttributes = {
					D1B81A111E6E9EB1003DF5E5 = {
						CreatedOnToolsVersion = 8.2.1;
						ProvisioningStyle = Automatic;
					};
				};
			};
			buildConfigurationList = D1B81A0D1E6E9EB1003DF5E5 /* Build configuration list for PBXProject "ZYP_KVO-Demo" */;
			compatibilityVersion = "Xcode 3.2";
			developmentRegion = English;
			hasScannedForEncodings = 0;
			knownRegions = (
				en,
				Base,
			);
			mainGroup = D1B81A091E6E9EB1003DF5E5;
			productRefGroup = D1B81A131E6E9EB1003DF5E5 /* Products */;
			projectDirPath = "";
			projectRoot = "";
			targets = (
				D1B81A111E6E9EB1003DF5E5 /* ZYP_KVO-Demo */,
			);
		};
/* End PBXProject section */

/* Begin PBXResourcesBuildPhase section */
		D1B81A101E6E9EB1003DF5E5 /* Resources */ = {
			isa = PBXResourcesBuildPhase;
			buildActionMask = 2147483647;
			files = (
				D1B81A251E6E9EB1003DF5E5 /* LaunchScreen.storyboard in Resources */,
				D1B81A221E6E9EB1003DF5E5 /* Assets.xcassets in Resources */,
				D1B81A201E6E9EB1003DF5E5 /* Main.storyboard in Resources */,
			);
			runOnlyForDeploymentPostprocessing = 0;
		};
/* End PBXResourcesBuildPhase section */

/* Begin PBXShellScriptBuildPhase section */
		8C17FF0F7EFCEAF98814D858 /* [CP] Check Pods Manifest.lock */ = {
			isa = PBXShellScriptBuildPhase;
			buildActionMask = 2147483647;
			files = (
			);
			inputPaths = (
			);
			name = "[CP] Check Pods Manifest.lock";
			outputPaths = (
			);
			runOnlyForDeploymentPostprocessing = 0;
			shellPath = /bin/sh;
			shellScript = "diff \"${PODS_ROOT}/../Podfile.lock\" \"${PODS_ROOT}/Manifest.lock\" > /dev/null\nif [ $? != 0 ] ; then\n    # print error to STDERR\n    echo \"error: The sandbox is not in sync with the Podfile.lock. Run 'pod install' or update your CocoaPods installation.\" >&2\n    exit 1\nfi\n";
			showEnvVarsInLog = 0;
		};
		ADB8C67A733F7682ABF1CCE7 /* [CP] Embed Pods Frameworks */ = {
			isa = PBXShellScriptBuildPhase;
			buildActionMask = 2147483647;
			files = (
			);
			inputPaths = (
			);
			name = "[CP] Embed Pods Frameworks";
			outputPaths = (
			);
			runOnlyForDeploymentPostprocessing = 0;
			shellPath = /bin/sh;
			shellScript = "\"${SRCROOT}/Pods/Target Support Files/Pods-ZYP_KVO-Demo/Pods-ZYP_KVO-Demo-frameworks.sh\"\n";
			showEnvVarsInLog = 0;
		};
		DA1B2324C22A603D7A05D9DD /* [CP] Copy Pods Resources */ = {
			isa = PBXShellScriptBuildPhase;
			buildActionMask = 2147483647;
			files = (
			);
			inputPaths = (
			);
			name = "[CP] Copy Pods Resources";
			outputPaths = (
			);
			runOnlyForDeploymentPostprocessing = 0;
			shellPath = /bin/sh;
			shellScript = "\"${SRCROOT}/Pods/Target Support Files/Pods-ZYP_KVO-Demo/Pods-ZYP_KVO-Demo-resources.sh\"\n";
			showEnvVarsInLog = 0;
		};
/* End PBXShellScriptBuildPhase section */

/* Begin PBXSourcesBuildPhase section */
		D1B81A0E1E6E9EB1003DF5E5 /* Sources */ = {
			isa = PBXSourcesBuildPhase;
			buildActionMask = 2147483647;
			files = (
				D1D6E6A81E6ECB8700347883 /* Toy.m in Sources */,
				D1B81A1D1E6E9EB1003DF5E5 /* ViewController.m in Sources */,
				D1B81A1A1E6E9EB1003DF5E5 /* AppDelegate.m in Sources */,
				D1B81A311E6EA5C5003DF5E5 /* Animal.m in Sources */,
				D1B81A2E1E6EA0A3003DF5E5 /* Person.m in Sources */,
				D1B81A171E6E9EB1003DF5E5 /* main.m in Sources */,
			);
			runOnlyForDeploymentPostprocessing = 0;
		};
/* End PBXSourcesBuildPhase section */

/* Begin PBXVariantGroup section */
		D1B81A1E1E6E9EB1003DF5E5 /* Main.storyboard */ = {
			isa = PBXVariantGroup;
			children = (
				D1B81A1F1E6E9EB1003DF5E5 /* Base */,
			);
			name = Main.storyboard;
			sourceTree = "<group>";
		};
		D1B81A231E6E9EB1003DF5E5 /* LaunchScreen.storyboard */ = {
			isa = PBXVariantGroup;
			children = (
				D1B81A241E6E9EB1003DF5E5 /* Base */,
			);
			name = LaunchScreen.storyboard;
			sourceTree = "<group>";
		};
/* End PBXVariantGroup section */

/* Begin XCBuildConfiguration section */
		D1B81A271E6E9EB1003DF5E5 /* Debug */ = {
			isa = XCBuildConfiguration;
			buildSettings = {
				ALWAYS_SEARCH_USER_PATHS = NO;
				CLANG_ANALYZER_NONNULL = YES;
				CLANG_CXX_LANGUAGE_STANDARD = "gnu++0x";
				CLANG_CXX_LIBRARY = "libc++";
				CLANG_ENABLE_MODULES = YES;
				CLANG_ENABLE_OBJC_ARC = YES;
				CLANG_WARN_BOOL_CONVERSION = YES;
				CLANG_WARN_CONSTANT_CONVERSION = YES;
				CLANG_WARN_DIRECT_OBJC_ISA_USAGE = YES_ERROR;
				CLANG_WARN_DOCUMENTATION_COMMENTS = YES;
				CLANG_WARN_EMPTY_BODY = YES;
				CLANG_WARN_ENUM_CONVERSION = YES;
				CLANG_WARN_INFINITE_RECURSION = YES;
				CLANG_WARN_INT_CONVERSION = YES;
				CLANG_WARN_OBJC_ROOT_CLASS = YES_ERROR;
				CLANG_WARN_SUSPICIOUS_MOVE = YES;
				CLANG_WARN_UNREACHABLE_CODE = YES;
				CLANG_WARN__DUPLICATE_METHOD_MATCH = YES;
				"CODE_SIGN_IDENTITY[sdk=iphoneos*]" = "iPhone Developer";
				COPY_PHASE_STRIP = NO;
				DEBUG_INFORMATION_FORMAT = dwarf;
				ENABLE_STRICT_OBJC_MSGSEND = YES;
				ENABLE_TESTABILITY = YES;
				GCC_C_LANGUAGE_STANDARD = gnu99;
				GCC_DYNAMIC_NO_PIC = NO;
				GCC_NO_COMMON_BLOCKS = YES;
				GCC_OPTIMIZATION_LEVEL = 0;
				GCC_PREPROCESSOR_DEFINITIONS = (
					"DEBUG=1",
					"$(inherited)",
				);
				GCC_WARN_64_TO_32_BIT_CONVERSION = YES;
				GCC_WARN_ABOUT_RETURN_TYPE = YES_ERROR;
				GCC_WARN_UNDECLARED_SELECTOR = YES;
				GCC_WARN_UNINITIALIZED_AUTOS = YES_AGGRESSIVE;
				GCC_WARN_UNUSED_FUNCTION = YES;
				GCC_WARN_UNUSED_VARIABLE = YES;
				IPHONEOS_DEPLOYMENT_TARGET = 10.2;
				MTL_ENABLE_DEBUG_INFO = YES;
				ONLY_ACTIVE_ARCH = YES;
				SDKROOT = iphoneos;
			};
			name = Debug;
		};
		D1B81A281E6E9EB1003DF5E5 /* Release */ = {
			isa = XCBuildConfiguration;
			buildSettings = {
				ALWAYS_SEARCH_USER_PATHS = NO;
				CLANG_ANALYZER_NONNULL = YES;
				CLANG_CXX_LANGUAGE_STANDARD = "gnu++0x";
				CLANG_CXX_LIBRARY = "libc++";
				CLANG_ENABLE_MODULES = YES;
				CLANG_ENABLE_OBJC_ARC = YES;
				CLANG_WARN_BOOL_CONVERSION = YES;
				CLANG_WARN_CONSTANT_CONVERSION = YES;
				CLANG_WARN_DIRECT_OBJC_ISA_USAGE = YES_ERROR;
				CLANG_WARN_DOCUMENTATION_COMMENTS = YES;
				CLANG_WARN_EMPTY_BODY = YES;
				CLANG_WARN_ENUM_CONVERSION = YES;
				CLANG_WARN_INFINITE_RECURSION = YES;
				CLANG_WARN_INT_CONVERSION = YES;
				CLANG_WARN_OBJC_ROOT_CLASS = YES_ERROR;
				CLANG_WARN_SUSPICIOUS_MOVE = YES;
				CLANG_WARN_UNREACHABLE_CODE = YES;
				CLANG_WARN__DUPLICATE_METHOD_MATCH = YES;
				"CODE_SIGN_IDENTITY[sdk=iphoneos*]" = "iPhone Developer";
				COPY_PHASE_STRIP = NO;
				DEBUG_INFORMATION_FORMAT = "dwarf-with-dsym";
				ENABLE_NS_ASSERTIONS = NO;
				ENABLE_STRICT_OBJC_MSGSEND = YES;
				GCC_C_LANGUAGE_STANDARD = gnu99;
				GCC_NO_COMMON_BLOCKS = YES;
				GCC_WARN_64_TO_32_BIT_CONVERSION = YES;
				GCC_WARN_ABOUT_RETURN_TYPE = YES_ERROR;
				GCC_WARN_UNDECLARED_SELECTOR = YES;
				GCC_WARN_UNINITIALIZED_AUTOS = YES_AGGRESSIVE;
				GCC_WARN_UNUSED_FUNCTION = YES;
				GCC_WARN_UNUSED_VARIABLE = YES;
				IPHONEOS_DEPLOYMENT_TARGET = 10.2;
				MTL_ENABLE_DEBUG_INFO = NO;
				SDKROOT = iphoneos;
				VALIDATE_PRODUCT = YES;
			};
			name = Release;
		};
		D1B81A2A1E6E9EB1003DF5E5 /* Debug */ = {
			isa = XCBuildConfiguration;
			baseConfigurationReference = B61CAFE0BB666108A0169788 /* Pods-ZYP_KVO-Demo.debug.xcconfig */;
			buildSettings = {
				ASSETCATALOG_COMPILER_APPICON_NAME = AppIcon;
				INFOPLIST_FILE = "ZYP_KVO-Demo/Info.plist";
				LD_RUNPATH_SEARCH_PATHS = "$(inherited) @executable_path/Frameworks";
				PRODUCT_BUNDLE_IDENTIFIER = "zhaoyunpeng.ZYP-KVO-Demo";
				PRODUCT_NAME = "$(TARGET_NAME)";
			};
			name = Debug;
		};
		D1B81A2B1E6E9EB1003DF5E5 /* Release */ = {
			isa = XCBuildConfiguration;
			baseConfigurationReference = ED0940CD5F1D0330E5781E5C /* Pods-ZYP_KVO-Demo.release.xcconfig */;
			buildSettings = {
				ASSETCATALOG_COMPILER_APPICON_NAME = AppIcon;
				INFOPLIST_FILE = "ZYP_KVO-Demo/Info.plist";
				LD_RUNPATH_SEARCH_PATHS = "$(inherited) @executable_path/Frameworks";
				PRODUCT_BUNDLE_IDENTIFIER = "zhaoyunpeng.ZYP-KVO-Demo";
				PRODUCT_NAME = "$(TARGET_NAME)";
			};
			name = Release;
		};
/* End XCBuildConfiguration section */

/* Begin XCConfigurationList section */
		D1B81A0D1E6E9EB1003DF5E5 /* Build configuration list for PBXProject "ZYP_KVO-Demo" */ = {
			isa = XCConfigurationList;
			buildConfigurations = (
				D1B81A271E6E9EB1003DF5E5 /* Debug */,
				D1B81A281E6E9EB1003DF5E5 /* Release */,
			);
			defaultConfigurationIsVisible = 0;
			defaultConfigurationName = Release;
		};
		D1B81A291E6E9EB1003DF5E5 /* Build configuration list for PBXNativeTarget "ZYP_KVO-Demo" */ = {
			isa = XCConfigurationList;
			buildConfigurations = (
				D1B81A2A1E6E9EB1003DF5E5 /* Debug */,
				D1B81A2B1E6E9EB1003DF5E5 /* Release */,
			);
			defaultConfigurationIsVisible = 0;
			defaultConfigurationName = Release;
		};
/* End XCConfigurationList section */
	};
	rootObject = D1B81A0A1E6E9EB1003DF5E5 /* Project object */;
}
